
Microsoft Visual Studio Solution File, Format Version 12.00
# Visual Studio Version 17
VisualStudioVersion = 17.9.34728.123
MinimumVisualStudioVersion = 10.0.40219.1
Project("{8BC9CEB8-8B4A-11D0-8D11-00A0C91BC942}") = "rec_cpp", "rec_cpp.vcxproj", "{E62F1799-2BAA-4476-823F-005182C8F84C}"
EndProject
Global
	GlobalSection(SolutionConfigurationPlatforms) = preSolution
		Debug|x64 = Debug|x64
		Debug|x86 = Debug|x86
		Release|x64 = Release|x64
		Release|x86 = Release|x86
	EndGlobalSection
	GlobalSection(ProjectConfigurationPlatforms) = postSolution
		{E62F1799-2BAA-4476-823F-005182C8F84C}.Debug|x64.ActiveCfg = Debug|x64
		{E62F1799-2BAA-4476-823F-005182C8F84C}.Debug|x64.Build.0 = Debug|x64
		{E62F1799-2BAA-4476-823F-005182C8F84C}.Debug|x86.ActiveCfg = Debug|Win32
		{E62F1799-2BAA-4476-823F-005182C8F84C}.Debug|x86.Build.0 = Debug|Win32
		{E62F1799-2BAA-4476-823F-005182C8F84C}.Release|x64.ActiveCfg = Release|x64
		{E62F1799-2BAA-4476-823F-005182C8F84C}.Release|x64.Build.0 = Release|x64
		{E62F1799-2BAA-4476-823F-005182C8F84C}.Release|x86.ActiveCfg = Release|Win32
		{E62F1799-2BAA-4476-823F-005182C8F84C}.Release|x86.Build.0 = Release|Win32
	EndGlobalSection
	GlobalSection(SolutionProperties) = preSolution
		HideSolutionNode = FALSE
	EndGlobalSection
	GlobalSection(ExtensibilityGlobals) = postSolution
		SolutionGuid = {71586BAF-BED5-4F4D-8B9B-7D2A06D34C56}
	EndGlobalSection
EndGlobal
